
Microsoft Visual Studio Solution File, Format Version 12.00
# Visual Studio Version 17
VisualStudioVersion = 17.0.32014.148
MinimumVisualStudioVersion = 10.0.40219.1
Project("{FAE04EC0-301F-11D3-BF4B-00C04F79EFBC}") = "Lab05.Android", "Lab05\Lab05.Android\Lab05.Android.csproj", "{62D26FD0-1A92-4F29-803C-A75E6388228F}"
EndProject
Project("{FAE04EC0-301F-11D3-BF4B-00C04F79EFBC}") = "Lab05.iOS", "Lab05\Lab05.iOS\Lab05.iOS.csproj", "{8B67738F-66CD-4C81-84BA-EAE94FEE7414}"
EndProject
Project("{FAE04EC0-301F-11D3-BF4B-00C04F79EFBC}") = "Lab05", "Lab05\Lab05\Lab05.csproj", "{20D14B5D-31D7-424C-B29A-F0AB36F117EB}"
EndProject
Global
	GlobalSection(SolutionConfigurationPlatforms) = preSolution
		Debug|Any CPU = Debug|Any CPU
		Debug|iPhone = Debug|iPhone
		Debug|iPhoneSimulator = Debug|iPhoneSimulator
		Release|Any CPU = Release|Any CPU
		Release|iPhone = Release|iPhone
		Release|iPhoneSimulator = Release|iPhoneSimulator
	EndGlobalSection
	GlobalSection(ProjectConfigurationPlatforms) = postSolution
		{62D26FD0-1A92-4F29-803C-A75E6388228F}.Debug|Any CPU.ActiveCfg = Debug|Any CPU
		{62D26FD0-1A92-4F29-803C-A75E6388228F}.Debug|Any CPU.Build.0 = Debug|Any CPU
		{62D26FD0-1A92-4F29-803C-A75E6388228F}.Debug|Any CPU.Deploy.0 = Debug|Any CPU
		{62D26FD0-1A92-4F29-803C-A75E6388228F}.Debug|iPhone.ActiveCfg = Debug|Any CPU
		{62D26FD0-1A92-4F29-803C-A75E6388228F}.Debug|iPhone.Build.0 = Debug|Any CPU
		{62D26FD0-1A92-4F29-803C-A75E6388228F}.Debug|iPhone.Deploy.0 = Debug|Any CPU
		{62D26FD0-1A92-4F29-803C-A75E6388228F}.Debug|iPhoneSimulator.ActiveCfg = Debug|Any CPU
		{62D26FD0-1A92-4F29-803C-A75E6388228F}.Debug|iPhoneSimulator.Build.0 = Debug|Any CPU
		{62D26FD0-1A92-4F29-803C-A75E6388228F}.Debug|iPhoneSimulator.Deploy.0 = Debug|Any CPU
		{62D26FD0-1A92-4F29-803C-A75E6388228F}.Release|Any CPU.ActiveCfg = Release|Any CPU
		{62D26FD0-1A92-4F29-803C-A75E6388228F}.Release|Any CPU.Build.0 = Release|Any CPU
		{62D26FD0-1A92-4F29-803C-A75E6388228F}.Release|Any CPU.Deploy.0 = Release|Any CPU
		{62D26FD0-1A92-4F29-803C-A75E6388228F}.Release|iPhone.ActiveCfg = Release|Any CPU
		{62D26FD0-1A92-4F29-803C-A75E6388228F}.Release|iPhone.Build.0 = Release|Any CPU
		{62D26FD0-1A92-4F29-803C-A75E6388228F}.Release|iPhone.Deploy.0 = Release|Any CPU
		{62D26FD0-1A92-4F29-803C-A75E6388228F}.Release|iPhoneSimulator.ActiveCfg = Release|Any CPU
		{62D26FD0-1A92-4F29-803C-A75E6388228F}.Release|iPhoneSimulator.Build.0 = Release|Any CPU
		{62D26FD0-1A92-4F29-803C-A75E6388228F}.Release|iPhoneSimulator.Deploy.0 = Release|Any CPU
		{8B67738F-66CD-4C81-84BA-EAE94FEE7414}.Debug|Any CPU.ActiveCfg = Debug|iPhone
		{8B67738F-66CD-4C81-84BA-EAE94FEE7414}.Debug|Any CPU.Build.0 = Debug|iPhone
		{8B67738F-66CD-4C81-84BA-EAE94FEE7414}.Debug|Any CPU.Deploy.0 = Debug|iPhone
		{8B67738F-66CD-4C81-84BA-EAE94FEE7414}.Debug|iPhone.ActiveCfg = Debug|iPhone
		{8B67738F-66CD-4C81-84BA-EAE94FEE7414}.Debug|iPhone.Build.0 = Debug|iPhone
		{8B67738F-66CD-4C81-84BA-EAE94FEE7414}.Debug|iPhone.Deploy.0 = Debug|iPhone
		{8B67738F-66CD-4C81-84BA-EAE94FEE7414}.Debug|iPhoneSimulator.ActiveCfg = Debug|iPhoneSimulator
		{8B67738F-66CD-4C81-84BA-EAE94FEE7414}.Debug|iPhoneSimulator.Build.0 = Debug|iPhoneSimulator
		{8B67738F-66CD-4C81-84BA-EAE94FEE7414}.Debug|iPhoneSimulator.Deploy.0 = Debug|iPhoneSimulator
		{8B67738F-66CD-4C81-84BA-EAE94FEE7414}.Release|Any CPU.ActiveCfg = Release|iPhoneSimulator
		{8B67738F-66CD-4C81-84BA-EAE94FEE7414}.Release|Any CPU.Build.0 = Release|iPhoneSimulator
		{8B67738F-66CD-4C81-84BA-EAE94FEE7414}.Release|Any CPU.Deploy.0 = Release|iPhoneSimulator
		{8B67738F-66CD-4C81-84BA-EAE94FEE7414}.Release|iPhone.ActiveCfg = Release|iPhone
		{8B67738F-66CD-4C81-84BA-EAE94FEE7414}.Release|iPhone.Build.0 = Release|iPhone
		{8B67738F-66CD-4C81-84BA-EAE94FEE7414}.Release|iPhone.Deploy.0 = Release|iPhone
		{8B67738F-66CD-4C81-84BA-EAE94FEE7414}.Release|iPhoneSimulator.ActiveCfg = Release|iPhoneSimulator
		{8B67738F-66CD-4C81-84BA-EAE94FEE7414}.Release|iPhoneSimulator.Build.0 = Release|iPhoneSimulator
		{8B67738F-66CD-4C81-84BA-EAE94FEE7414}.Release|iPhoneSimulator.Deploy.0 = Release|iPhoneSimulator
		{20D14B5D-31D7-424C-B29A-F0AB36F117EB}.Debug|Any CPU.ActiveCfg = Debug|Any CPU
		{20D14B5D-31D7-424C-B29A-F0AB36F117EB}.Debug|Any CPU.Build.0 = Debug|Any CPU
		{20D14B5D-31D7-424C-B29A-F0AB36F117EB}.Debug|Any CPU.Deploy.0 = Debug|Any CPU
		{20D14B5D-31D7-424C-B29A-F0AB36F117EB}.Debug|iPhone.ActiveCfg = Debug|Any CPU
		{20D14B5D-31D7-424C-B29A-F0AB36F117EB}.Debug|iPhone.Build.0 = Debug|Any CPU
		{20D14B5D-31D7-424C-B29A-F0AB36F117EB}.Debug|iPhone.Deploy.0 = Debug|Any CPU
		{20D14B5D-31D7-424C-B29A-F0AB36F117EB}.Debug|iPhoneSimulator.ActiveCfg = Debug|Any CPU
		{20D14B5D-31D7-424C-B29A-F0AB36F117EB}.Debug|iPhoneSimulator.Build.0 = Debug|Any CPU
		{20D14B5D-31D7-424C-B29A-F0AB36F117EB}.Debug|iPhoneSimulator.Deploy.0 = Debug|Any CPU
		{20D14B5D-31D7-424C-B29A-F0AB36F117EB}.Release|Any CPU.ActiveCfg = Release|Any CPU
		{20D14B5D-31D7-424C-B29A-F0AB36F117EB}.Release|Any CPU.Build.0 = Release|Any CPU
		{20D14B5D-31D7-424C-B29A-F0AB36F117EB}.Release|Any CPU.Deploy.0 = Release|Any CPU
		{20D14B5D-31D7-424C-B29A-F0AB36F117EB}.Release|iPhone.ActiveCfg = Release|Any CPU
		{20D14B5D-31D7-424C-B29A-F0AB36F117EB}.Release|iPhone.Build.0 = Release|Any CPU
		{20D14B5D-31D7-424C-B29A-F0AB36F117EB}.Release|iPhone.Deploy.0 = Release|Any CPU
		{20D14B5D-31D7-424C-B29A-F0AB36F117EB}.Release|iPhoneSimulator.ActiveCfg = Release|Any CPU
		{20D14B5D-31D7-424C-B29A-F0AB36F117EB}.Release|iPhoneSimulator.Build.0 = Release|Any CPU
		{20D14B5D-31D7-424C-B29A-F0AB36F117EB}.Release|iPhoneSimulator.Deploy.0 = Release|Any CPU
	EndGlobalSection
	GlobalSection(SolutionProperties) = preSolution
		HideSolutionNode = FALSE
	EndGlobalSection
	GlobalSection(ExtensibilityGlobals) = postSolution
		SolutionGuid = {58EED1C8-0006-4DF7-B04B-2CF33E6415D6}
	EndGlobalSection
EndGlobal
